{
    "_meta": {
        "hash": {
            "sha256": "7b822e56896113596b957c9a2ee605fd250673f4a6ed9ded686182541688db93"
        },
        "pipfile-spec": 6,
        "requires": {
            "python_version": "3.9"
        },
        "sources": [
            {
                "name": "pypi",
                "url": "https://pypi.org/simple",
                "verify_ssl": true
            }
        ]
    },
    "default": {
        "pydot": {
            "hashes": [
                "sha256:67be714300c78fda5fd52f79ec994039e3f76f074948c67b5ff539b433ad354f",
                "sha256:d49c9d4dd1913beec2a997f831543c8cbd53e535b1a739e921642fe416235f01"
            ],
            "index": "pypi",
            "version": "==1.4.1"
        },
        "pydot-ng": {
            "hashes": [
                "sha256:251ec5cde0d20ebd467b12fd8a4db0f52d2fbf6e12660a969a226823ba38644e",
                "sha256:8c8073b97aa7030c28118961e2c6c92f046e4cb57aeba7df87146f7baa6530c5"
            ],
            "index": "pypi",
            "version": "==2.0.0"
        },
        "pyparsing": {
            "hashes": [
                "sha256:c203ec8783bf771a155b207279b9bccb8dea02d8f0c9e5f8ead507bc3246ecc1",
                "sha256:ef9d7589ef3c200abe66653d3f1ab1033c3c419ae9b9bdb1240a85b024efc88b"
            ],
            "index": "pypi",
            "version": "==2.4.7"
        }
    },
    "develop": {}
}
